
Microsoft Visual Studio Solution File, Format Version 12.00
# Visual Studio Version 17
VisualStudioVersion = 17.8.34408.163
MinimumVisualStudioVersion = 10.0.40219.1
Project("{FAE04EC0-301F-11D3-BF4B-00C04F79EFBC}") = "westus2", "westus2.csproj", "{5B1C7DBE-68F4-4363-89F3-C7C2B9370399}"
EndProject
Global
	GlobalSection(SolutionConfigurationPlatforms) = preSolution
		Debug|Any CPU = Debug|Any CPU
		Release|Any CPU = Release|Any CPU
	EndGlobalSection
	GlobalSection(ProjectConfigurationPlatforms) = postSolution
		{5B1C7DBE-68F4-4363-89F3-C7C2B9370399}.Debug|Any CPU.ActiveCfg = Debug|Any CPU
		{5B1C7DBE-68F4-4363-89F3-C7C2B9370399}.Debug|Any CPU.Build.0 = Debug|Any CPU
		{5B1C7DBE-68F4-4363-89F3-C7C2B9370399}.Release|Any CPU.ActiveCfg = Release|Any CPU
		{5B1C7DBE-68F4-4363-89F3-C7C2B9370399}.Release|Any CPU.Build.0 = Release|Any CPU
	EndGlobalSection
	GlobalSection(SolutionProperties) = preSolution
		HideSolutionNode = FALSE
	EndGlobalSection
	GlobalSection(ExtensibilityGlobals) = postSolution
		SolutionGuid = {675A23C5-D828-4EA0-9BFA-02BC10A22586}
	EndGlobalSection
EndGlobal
